// !$*UTF8*$!
{
archiveVersion = 1; classes = {}; objectVersion = 56;
objects = {
1 = {isa = PBXBuildFile; fileRef = 2; };
3 = {isa = PBXBuildFile; fileRef = 4; };
5 = {isa = PBXBuildFile; fileRef = 6; };
9 = {isa = PBXBuildFile; fileRef = 10; };
2 = {isa = PBXFileReference; lastKnownFileType = sourcecode.swift; path = HubbettControlApp.swift; sourceTree = "<group>"; };
4 = {isa = PBXFileReference; lastKnownFileType = sourcecode.swift; path = ContentView.swift; sourceTree = "<group>"; };
6 = {isa = PBXFileReference; lastKnownFileType = sourcecode.swift; path = BLEManager.swift; sourceTree = "<group>"; };
10 = {isa = PBXFileReference; lastKnownFileType = folder.assetcatalog; path = Assets.xcassets; sourceTree = "<group>"; };
12 = {isa = PBXFileReference; lastKnownFileType = text.plist.xml; path = Info.plist; sourceTree = "<group>"; };
14 = {isa = PBXFileReference; explicitFileType = wrapper.application; includeInIndex = 0; path = HubbettControl.app; sourceTree = BUILT_PRODUCTS_DIR; };
17 = {isa = PBXFrameworksBuildPhase; buildActionMask = 2147483647; files = ( ); runOnlyForDeploymentPostprocessing = 0; };
18 = {isa = PBXGroup; children = (19, 20); sourceTree = "<group>"; };
19 = {isa = PBXGroup; children = (2,4,6,8,10,12); path = HubbettControl; sourceTree = "<group>"; };
8 = {isa = PBXFileReference; lastKnownFileType = sourcecode.swift; path = Constants.swift; sourceTree = "<group>"; name = Constants.swift; }
20 = {isa = PBXGroup; children = (14,); name = Products; sourceTree = "<group>"; };
21 = {isa = PBXNativeTarget; buildConfigurationList = 22; buildPhases = (23,17,24); buildRules = ( ); dependencies = ( ); name = HubbettControl; productName = HubbettControl; productReference = 14; productType = "com.apple.product-type.application"; };
25 = {isa = PBXProject; attributes = {LastSwiftUpdateCheck = 1700; LastUpgradeCheck = 1700; ORGANIZATIONNAME = Hubbett;}; buildConfigurationList = 26; compatibilityVersion = "Xcode 15.0"; developmentRegion = de; hasScannedForEncodings = 0; knownRegions = (de,en,Base); mainGroup = 18; productRefGroup = 20; projectDirPath = ""; projectRoot = ""; targets = (21,); };
24 = {isa = PBXResourcesBuildPhase; buildActionMask = 2147483647; files = (9,); runOnlyForDeploymentPostprocessing = 0; };
23 = {isa = PBXSourcesBuildPhase; buildActionMask = 2147483647; files = (1,3,5); runOnlyForDeploymentPostprocessing = 0; };
27 = {isa = XCBuildConfiguration; buildSettings = {ASSETCATALOG_COMPILER_APPICON_NAME = AppIcon; CODE_SIGN_STYLE = Automatic; CURRENT_PROJECT_VERSION = 1; INFOPLIST_FILE = HubbettControl/Info.plist; IPHONEOS_DEPLOYMENT_TARGET = 17.0; MARKETING_VERSION = 1.0; PRODUCT_BUNDLE_IDENTIFIER = com.hubbett.HubbettControl; PRODUCT_NAME = "$(TARGET_NAME)"; SWIFT_VERSION = 5.0; TARGETED_DEVICE_FAMILY = "1,2"; DEVELOPMENT_TEAM = ""; }; name = Debug; };
28 = {isa = XCBuildConfiguration; buildSettings = {ASSETCATALOG_COMPILER_APPICON_NAME = AppIcon; CODE_SIGN_STYLE = Automatic; CURRENT_PROJECT_VERSION = 1; INFOPLIST_FILE = HubbettControl/Info.plist; IPHONEOS_DEPLOYMENT_TARGET = 17.0; MARKETING_VERSION = 1.0; PRODUCT_BUNDLE_IDENTIFIER = com.hubbett.HubbettControl; PRODUCT_NAME = "$(TARGET_NAME)"; SWIFT_VERSION = 5.0; TARGETED_DEVICE_FAMILY = "1,2"; DEVELOPMENT_TEAM = ""; }; name = Release; };
22 = {isa = XCConfigurationList; buildConfigurations = (27,28); defaultConfigurationIsVisible = 0; defaultConfigurationName = Release; };
26 = {isa = XCConfigurationList; buildConfigurations = (27,28); defaultConfigurationIsVisible = 0; defaultConfigurationName = Release; };
};
rootObject = 25;
}